
Microsoft Visual Studio Solution File, Format Version 12.00
# Visual Studio Version 16
VisualStudioVersion = 16.0.29519.87
MinimumVisualStudioVersion = 10.0.40219.1
Project("{9A19103F-16F7-4668-BE54-9A1E7A4F7556}") = "QuickBuy.Domain", "QuickBuy.Domain\QuickBuy.Domain.csproj", "{20855F6A-F932-4EFF-8231-BBCECEECCAE5}"
EndProject
Project("{9A19103F-16F7-4668-BE54-9A1E7A4F7556}") = "QuickBuy.Repository", "QuickBuy.Repository\QuickBuy.Repository.csproj", "{328FBB08-229D-4EEE-96BA-A9744C8A6601}"
EndProject
Project("{FAE04EC0-301F-11D3-BF4B-00C04F79EFBC}") = "QuickBuy.Web", "QuickBuy.Web\QuickBuy.Web.csproj", "{A62ACD76-6F49-485E-980A-E36C6EA056A8}"
EndProject
Global
	GlobalSection(SolutionConfigurationPlatforms) = preSolution
		Debug|Any CPU = Debug|Any CPU
		Release|Any CPU = Release|Any CPU
	EndGlobalSection
	GlobalSection(ProjectConfigurationPlatforms) = postSolution
		{20855F6A-F932-4EFF-8231-BBCECEECCAE5}.Debug|Any CPU.ActiveCfg = Debug|Any CPU
		{20855F6A-F932-4EFF-8231-BBCECEECCAE5}.Debug|Any CPU.Build.0 = Debug|Any CPU
		{20855F6A-F932-4EFF-8231-BBCECEECCAE5}.Release|Any CPU.ActiveCfg = Release|Any CPU
		{20855F6A-F932-4EFF-8231-BBCECEECCAE5}.Release|Any CPU.Build.0 = Release|Any CPU
		{328FBB08-229D-4EEE-96BA-A9744C8A6601}.Debug|Any CPU.ActiveCfg = Debug|Any CPU
		{328FBB08-229D-4EEE-96BA-A9744C8A6601}.Debug|Any CPU.Build.0 = Debug|Any CPU
		{328FBB08-229D-4EEE-96BA-A9744C8A6601}.Release|Any CPU.ActiveCfg = Release|Any CPU
		{328FBB08-229D-4EEE-96BA-A9744C8A6601}.Release|Any CPU.Build.0 = Release|Any CPU
		{A62ACD76-6F49-485E-980A-E36C6EA056A8}.Debug|Any CPU.ActiveCfg = Debug|Any CPU
		{A62ACD76-6F49-485E-980A-E36C6EA056A8}.Debug|Any CPU.Build.0 = Debug|Any CPU
		{A62ACD76-6F49-485E-980A-E36C6EA056A8}.Release|Any CPU.ActiveCfg = Release|Any CPU
		{A62ACD76-6F49-485E-980A-E36C6EA056A8}.Release|Any CPU.Build.0 = Release|Any CPU
	EndGlobalSection
	GlobalSection(SolutionProperties) = preSolution
		HideSolutionNode = FALSE
	EndGlobalSection
	GlobalSection(ExtensibilityGlobals) = postSolution
		SolutionGuid = {670DB498-E21B-4B9D-A7AB-EC275F81FA14}
	EndGlobalSection
EndGlobal
